<?xml version="1.0" encoding="UTF-8" standalone="yes" ?>
<CodeBlocks_project_file>
	<FileVersion major="1" minor="6" />
	<Project>
		<Option title="FTL_HyperspaceGCC" />
		<Option pch_mode="2" />
		<Option compiler="gcc" />
		<Option virtualFolders="Content/Misc/;Core/Systems/;Content/;Core/Systems/;Content/Crew/;Core/Systems/;Content/Ship/;Core/Systems/;Core/Systems/;Content/;Core/Systems/;Core/;Core/Weapons/;Content/;Core/Systems/;Core/Crew/;Content/;Core/Systems/;Core/Events/;Content/;Core/Systems/;Core/;Core/Weapons/;Content/;Core/Ship/;Content/;Core/Systems/;Core/Resources/;Content/;Core/Systems/;Content/Map/;Core/Systems/;Core/Map/;Content/;Core/Systems/;ZHL/;Content/Augments/;Core/Augments/;Core/Seed/;Core/Boss/;Content/ShipEditor/;Core/SaveFile/;Core/Store/;Core/CommandGui/;Core/CApp/;Content/Discord/;Core/Equipment/;Core/Drones/;Core/Credits/;Core/Shaders/;Core/Blueprints/" />
		<Build>
			<Target title="Debug">
				<Option output="C:/Program Files (x86)/Steam/steamapps/common/FTL Faster Than Light/Hyperspace" imp_lib="$(TARGET_OUTPUT_DIR)$(TARGET_OUTPUT_BASENAME).a" def_file="$(TARGET_OUTPUT_DIR)$(TARGET_OUTPUT_BASENAME).def" prefix_auto="1" extension_auto="1" />
				<Option working_dir="C:/Program Files (x86)/Steam/steamapps/common/FTL Faster Than Light" />
				<Option object_output="obj/Debug/" />
				<Option type="3" />
				<Option compiler="gcc" />
				<Option host_application="C:/Program Files (x86)/Steam/steamapps/common/FTL Faster Than Light/FTLGame.exe" />
				<Option run_host_application_in_terminal="0" />
				<Option createDefFile="1" />
				<Option createStaticLib="1" />
				<Compiler>
					<Add option="-Wall" />
					<Add option="-m32" />
					<Add option="-g" />
					<Add option="-masm=intel -std=c++11 -g" />
					<Add option="-DBUILD_DLL" />
					<Add option="-DDEBUG" />
					<Add directory="rapidxml" />
					<Add directory="C:/boost/include/boost-1_70" />
					<Add directory="discord/include" />
				</Compiler>
				<Linker>
					<Add option="-static-libstdc++" />
					<Add option="-static-libgcc" />
					<Add option="-static" />
					<Add option="-m32" />
					<Add library="user32" />
					<Add library="discord/lib/libdiscord-rpc.a" />
					<Add library="C:/boost/lib/libboost_atomic-mgw92-mt-x32-1_70.a" />
					<Add library="C:/boost/lib/libboost_chrono-mgw92-mt-x32-1_70.a" />
					<Add library="C:/boost/lib/libboost_container-mgw92-mt-x32-1_70.a" />
					<Add library="C:/boost/lib/libboost_context-mgw92-mt-x32-1_70.a" />
					<Add library="C:/boost/lib/libboost_contract-mgw92-mt-x32-1_70.a" />
					<Add library="C:/boost/lib/libboost_coroutine-mgw92-mt-x32-1_70.a" />
					<Add library="C:/boost/lib/libboost_date_time-mgw92-mt-x32-1_70.a" />
					<Add library="C:/boost/lib/libboost_exception-mgw92-mt-x32-1_70.a" />
					<Add library="C:/boost/lib/libboost_filesystem-mgw92-mt-x32-1_70.a" />
					<Add library="C:/boost/lib/libboost_graph-mgw92-mt-x32-1_70.a" />
					<Add library="C:/boost/lib/libboost_iostreams-mgw92-mt-x32-1_70.a" />
					<Add library="C:/boost/lib/libboost_locale-mgw92-mt-x32-1_70.a" />
					<Add library="C:/boost/lib/libboost_log_setup-mgw92-mt-x32-1_70.a" />
					<Add library="C:/boost/lib/libboost_log-mgw92-mt-x32-1_70.a" />
					<Add library="C:/boost/lib/libboost_math_c99f-mgw92-mt-x32-1_70.a" />
					<Add library="C:/boost/lib/libboost_math_c99l-mgw92-mt-x32-1_70.a" />
					<Add library="C:/boost/lib/libboost_math_c99-mgw92-mt-x32-1_70.a" />
					<Add library="C:/boost/lib/libboost_math_tr1f-mgw92-mt-x32-1_70.a" />
					<Add library="C:/boost/lib/libboost_math_tr1l-mgw92-mt-x32-1_70.a" />
					<Add library="C:/boost/lib/libboost_math_tr1-mgw92-mt-x32-1_70.a" />
					<Add library="C:/boost/lib/libboost_numpy38-mgw92-mt-x32-1_70.a" />
					<Add library="C:/boost/lib/libboost_prg_exec_monitor-mgw92-mt-x32-1_70.a" />
					<Add library="C:/boost/lib/libboost_program_options-mgw92-mt-x32-1_70.a" />
					<Add library="C:/boost/lib/libboost_python38-mgw92-mt-x32-1_70.a" />
					<Add library="C:/boost/lib/libboost_random-mgw92-mt-x32-1_70.a" />
					<Add library="C:/boost/lib/libboost_regex-mgw92-mt-x32-1_70.a" />
					<Add library="C:/boost/lib/libboost_serialization-mgw92-mt-x32-1_70.a" />
					<Add library="C:/boost/lib/libboost_stacktrace_basic-mgw92-mt-x32-1_70.a" />
					<Add library="C:/boost/lib/libboost_stacktrace_noop-mgw92-mt-x32-1_70.a" />
					<Add library="C:/boost/lib/libboost_system-mgw92-mt-x32-1_70.a" />
					<Add library="C:/boost/lib/libboost_test_exec_monitor-mgw92-mt-x32-1_70.a" />
					<Add library="C:/boost/lib/libboost_thread-mgw92-mt-x32-1_70.a" />
					<Add library="C:/boost/lib/libboost_timer-mgw92-mt-x32-1_70.a" />
					<Add library="C:/boost/lib/libboost_type_erasure-mgw92-mt-x32-1_70.a" />
					<Add library="C:/boost/lib/libboost_unit_test_framework-mgw92-mt-x32-1_70.a" />
					<Add library="C:/boost/lib/libboost_wave-mgw92-mt-x32-1_70.a" />
					<Add library="C:/boost/lib/libboost_wserialization-mgw92-mt-x32-1_70.a" />
					<Add library="libboost_wserialization-mgw92-mt-x32-1_70.a" />
					<Add directory="C:/boost/lib" />
					<Add directory="discord/lib" />
				</Linker>
			</Target>
			<Target title="Release">
				<Option output="C:/Program Files (x86)/Steam/steamapps/common/FTL Faster Than Light/Hyperspace" prefix_auto="1" extension_auto="1" />
				<Option working_dir="C:/SteamLibrary/steamapps/common/FTL Faster Than Light/FTLGame.exe" />
				<Option object_output="obj/Release/" />
				<Option type="3" />
				<Option compiler="gcc" />
				<Option host_application="C:/Program Files (x86)/Steam/steamapps/common/FTL Faster Than Light/FTLGame.exe" />
				<Option run_host_application_in_terminal="0" />
				<Option createDefFile="1" />
				<Option createStaticLib="1" />
				<Compiler>
					<Add option="-Wall" />
					<Add option="-m32" />
					<Add option="-masm=intel -std=c++11" />
					<Add option="-DBUILD_DLL" />
					<Add directory="rapidxml" />
					<Add directory="C:/boost/include/boost-1_70" />
					<Add directory="discord/include" />
				</Compiler>
				<Linker>
					<Add option="-s" />
					<Add option="-static-libstdc++" />
					<Add option="-static-libgcc" />
					<Add option="-static" />
					<Add option="-m32" />
					<Add library="user32" />
					<Add library="libdiscord-rpc.a" />
					<Add library="libboost_atomic-mgw92-mt-x32-1_70.a" />
					<Add library="libboost_chrono-mgw92-mt-x32-1_70.a" />
					<Add library="libboost_container-mgw92-mt-x32-1_70.a" />
					<Add library="libboost_context-mgw92-mt-x32-1_70.a" />
					<Add library="libboost_contract-mgw92-mt-x32-1_70.a" />
					<Add library="libboost_coroutine-mgw92-mt-x32-1_70.a" />
					<Add library="libboost_date_time-mgw92-mt-x32-1_70.a" />
					<Add library="libboost_exception-mgw92-mt-x32-1_70.a" />
					<Add library="libboost_filesystem-mgw92-mt-x32-1_70.a" />
					<Add library="libboost_graph-mgw92-mt-x32-1_70.a" />
					<Add library="libboost_iostreams-mgw92-mt-x32-1_70.a" />
					<Add library="libboost_locale-mgw92-mt-x32-1_70.a" />
					<Add library="libboost_log_setup-mgw92-mt-x32-1_70.a" />
					<Add library="libboost_log-mgw92-mt-x32-1_70.a" />
					<Add library="libboost_math_c99f-mgw92-mt-x32-1_70.a" />
					<Add library="libboost_math_c99l-mgw92-mt-x32-1_70.a" />
					<Add library="libboost_math_c99-mgw92-mt-x32-1_70.a" />
					<Add library="libboost_math_tr1f-mgw92-mt-x32-1_70.a" />
					<Add library="libboost_math_tr1l-mgw92-mt-x32-1_70.a" />
					<Add library="libboost_math_tr1-mgw92-mt-x32-1_70.a" />
					<Add library="libboost_numpy38-mgw92-mt-x32-1_70.a" />
					<Add library="libboost_prg_exec_monitor-mgw92-mt-x32-1_70.a" />
					<Add library="libboost_program_options-mgw92-mt-x32-1_70.a" />
					<Add library="libboost_python38-mgw92-mt-x32-1_70.a" />
					<Add library="libboost_random-mgw92-mt-x32-1_70.a" />
					<Add library="libboost_regex-mgw92-mt-x32-1_70.a" />
					<Add library="libboost_serialization-mgw92-mt-x32-1_70.a" />
					<Add library="libboost_stacktrace_basic-mgw92-mt-x32-1_70.a" />
					<Add library="libboost_stacktrace_noop-mgw92-mt-x32-1_70.a" />
					<Add library="libboost_system-mgw92-mt-x32-1_70.a" />
					<Add library="libboost_test_exec_monitor-mgw92-mt-x32-1_70.a" />
					<Add library="libboost_thread-mgw92-mt-x32-1_70.a" />
					<Add library="libboost_timer-mgw92-mt-x32-1_70.a" />
					<Add library="libboost_type_erasure-mgw92-mt-x32-1_70.a" />
					<Add library="libboost_unit_test_framework-mgw92-mt-x32-1_70.a" />
					<Add library="libboost_wave-mgw92-mt-x32-1_70.a" />
					<Add library="libboost_wserialization-mgw92-mt-x32-1_70.a" />
					<Add directory="C:/boost/lib" />
					<Add directory="discord/lib" />
				</Linker>
			</Target>
		</Build>
		<Linker>
			<Add library="libboost_wserialization-mgw92-mt-x32-1_70.a" />
		</Linker>
		<Unit filename="AbilityDrone.cpp">
			<Option virtualFolder="Core/Drones/" />
		</Unit>
		<Unit filename="AbilityDrone.h">
			<Option virtualFolder="Core/Drones/" />
		</Unit>
		<Unit filename="AugmentValues.cpp">
			<Option virtualFolder="Content/Augments/" />
		</Unit>
		<Unit filename="Augments.cpp">
			<Option virtualFolder="Content/Augments/" />
		</Unit>
		<Unit filename="Balance.cpp">
			<Option virtualFolder="Content/Misc/" />
		</Unit>
		<Unit filename="Balance.h">
			<Option virtualFolder="Content/Misc/" />
		</Unit>
		<Unit filename="Blueprint_Extend.cpp">
			<Option virtualFolder="Core/Blueprints/" />
		</Unit>
		<Unit filename="Blueprint_Extend.h">
			<Option virtualFolder="Core/Blueprints/" />
		</Unit>
		<Unit filename="Colors.cpp">
			<Option virtualFolder="Core/" />
		</Unit>
		<Unit filename="Colors.h">
			<Option virtualFolder="Core/" />
		</Unit>
		<Unit filename="CommandConsole.cpp">
			<Option virtualFolder="Content/Misc/" />
		</Unit>
		<Unit filename="CommandConsole.h">
			<Option virtualFolder="Content/Misc/" />
		</Unit>
		<Unit filename="Credits.cpp">
			<Option virtualFolder="Core/Credits/" />
		</Unit>
		<Unit filename="CrewMember_Extend.cpp">
			<Option virtualFolder="Core/Crew/" />
		</Unit>
		<Unit filename="CrewMember_Extend.h">
			<Option virtualFolder="Core/Crew/" />
		</Unit>
		<Unit filename="CrewVTable.cpp">
			<Option virtualFolder="Core/Crew/" />
		</Unit>
		<Unit filename="CustomAugments.cpp">
			<Option virtualFolder="Core/Augments/" />
		</Unit>
		<Unit filename="CustomAugments.h">
			<Option virtualFolder="Core/Augments/" />
		</Unit>
		<Unit filename="CustomBoss.cpp">
			<Option virtualFolder="Core/Boss/" />
		</Unit>
		<Unit filename="CustomBoss.h">
			<Option virtualFolder="Core/Boss/" />
		</Unit>
		<Unit filename="CustomCommandGui.cpp">
			<Option virtualFolder="Core/CommandGui/" />
		</Unit>
		<Unit filename="CustomCommandGui.h">
			<Option virtualFolder="Core/CommandGui/" />
		</Unit>
		<Unit filename="CustomCrew.cpp">
			<Option virtualFolder="Core/Crew/" />
		</Unit>
		<Unit filename="CustomCrew.h">
			<Option virtualFolder="Core/Crew/" />
		</Unit>
		<Unit filename="CustomCrewManifest.cpp">
			<Option virtualFolder="Core/Crew/" />
		</Unit>
		<Unit filename="CustomCrewManifest.h">
			<Option virtualFolder="Core/Crew/" />
		</Unit>
		<Unit filename="CustomDrones.cpp">
			<Option virtualFolder="Core/Drones/" />
		</Unit>
		<Unit filename="CustomDrones.h">
			<Option virtualFolder="Core/Drones/" />
		</Unit>
		<Unit filename="CustomEquipment.cpp">
			<Option virtualFolder="Core/Equipment/" />
		</Unit>
		<Unit filename="CustomEvents.cpp">
			<Option virtualFolder="Core/Events/" />
		</Unit>
		<Unit filename="CustomEvents.h">
			<Option virtualFolder="Core/Events/" />
		</Unit>
		<Unit filename="CustomMap.cpp">
			<Option virtualFolder="Core/Map/" />
		</Unit>
		<Unit filename="CustomScoreKeeper.cpp">
			<Option virtualFolder="Core/Ship/" />
		</Unit>
		<Unit filename="CustomScoreKeeper.h">
			<Option virtualFolder="Core/Ship/" />
		</Unit>
		<Unit filename="CustomShipSelect.cpp">
			<Option virtualFolder="Core/Ship/" />
		</Unit>
		<Unit filename="CustomShipSelect.h">
			<Option virtualFolder="Core/Ship/" />
		</Unit>
		<Unit filename="CustomShips.cpp">
			<Option virtualFolder="Core/Ship/" />
		</Unit>
		<Unit filename="CustomShips.h">
			<Option virtualFolder="Core/Ship/" />
		</Unit>
		<Unit filename="CustomStore.cpp">
			<Option virtualFolder="Core/Store/" />
		</Unit>
		<Unit filename="CustomStore.h">
			<Option virtualFolder="Core/Store/" />
		</Unit>
		<Unit filename="CustomSystems.cpp">
			<Option virtualFolder="Core/Systems/" />
		</Unit>
		<Unit filename="CustomSystems.h">
			<Option virtualFolder="Core/Systems/" />
		</Unit>
		<Unit filename="CustomWeapons.cpp">
			<Option virtualFolder="Core/Weapons/" />
		</Unit>
		<Unit filename="CustomWeapons.h">
			<Option virtualFolder="Core/Weapons/" />
		</Unit>
		<Unit filename="Debugging.cpp">
			<Option virtualFolder="Content/Misc/" />
		</Unit>
		<Unit filename="DiscordIntegration.cpp">
			<Option virtualFolder="Content/Discord/" />
		</Unit>
		<Unit filename="DiscordIntegration.h">
			<Option virtualFolder="Content/Discord/" />
		</Unit>
		<Unit filename="DroneVTable.cpp">
			<Option virtualFolder="Core/Drones/" />
		</Unit>
		<Unit filename="FTLGame.cpp" />
		<Unit filename="FTLGame.h" />
		<Unit filename="Global.cpp">
			<Option virtualFolder="Core/" />
		</Unit>
		<Unit filename="Global.h">
			<Option virtualFolder="Core/" />
		</Unit>
		<Unit filename="HullNumbers.cpp">
			<Option virtualFolder="Content/Misc/" />
		</Unit>
		<Unit filename="HullNumbers.h">
			<Option virtualFolder="Content/Misc/" />
		</Unit>
		<Unit filename="Infinite.cpp">
			<Option virtualFolder="Content/Map/" />
		</Unit>
		<Unit filename="Infinite.h">
			<Option virtualFolder="Content/Map/" />
		</Unit>
		<Unit filename="Input.cpp">
			<Option virtualFolder="Core/CApp/" />
		</Unit>
		<Unit filename="MainMenu.cpp">
			<Option virtualFolder="Content/Misc/" />
		</Unit>
		<Unit filename="MainMenu.h">
			<Option virtualFolder="Content/Misc/" />
		</Unit>
		<Unit filename="Misc.cpp">
			<Option virtualFolder="Content/Misc/" />
		</Unit>
		<Unit filename="Misc.h">
			<Option virtualFolder="Content/Misc/" />
		</Unit>
		<Unit filename="Projectile_Extend.cpp">
			<Option virtualFolder="Core/Weapons/" />
		</Unit>
		<Unit filename="Projectile_Extend.h">
			<Option virtualFolder="Core/Weapons/" />
		</Unit>
		<Unit filename="Renderer.cpp">
			<Option virtualFolder="Core/CApp/" />
		</Unit>
		<Unit filename="Resources.cpp">
			<Option virtualFolder="Core/Resources/" />
		</Unit>
		<Unit filename="Resources.h">
			<Option virtualFolder="Core/Resources/" />
		</Unit>
		<Unit filename="ReturnHacks.cpp">
			<Option virtualFolder="Core/" />
		</Unit>
		<Unit filename="Room_Extend.cpp">
			<Option virtualFolder="Core/Ship/" />
		</Unit>
		<Unit filename="Room_Extend.h">
			<Option virtualFolder="Core/Ship/" />
		</Unit>
		<Unit filename="SaveFile.cpp">
			<Option virtualFolder="Core/SaveFile/" />
		</Unit>
		<Unit filename="SaveFile.h">
			<Option virtualFolder="Core/SaveFile/" />
		</Unit>
		<Unit filename="Seeds.cpp">
			<Option virtualFolder="Core/Seed/" />
		</Unit>
		<Unit filename="Seeds.h">
			<Option virtualFolder="Core/Seed/" />
		</Unit>
		<Unit filename="Shaders.cpp">
			<Option virtualFolder="Core/Shaders/" />
		</Unit>
		<Unit filename="ShipEditor.cpp">
			<Option virtualFolder="Content/ShipEditor/" />
		</Unit>
		<Unit filename="ShipEditor.h">
			<Option virtualFolder="Content/ShipEditor/" />
		</Unit>
		<Unit filename="ShipManager_Extend.cpp">
			<Option virtualFolder="Core/Ship/" />
		</Unit>
		<Unit filename="ShipManager_Extend.h">
			<Option virtualFolder="Core/Ship/" />
		</Unit>
		<Unit filename="ShipTypeC.cpp">
			<Option virtualFolder="Content/Ship/" />
		</Unit>
		<Unit filename="ShipUnlocks.cpp">
			<Option virtualFolder="Core/Ship/" />
		</Unit>
		<Unit filename="ShipUnlocks.h">
			<Option virtualFolder="Core/Ship/" />
		</Unit>
		<Unit filename="ShipZoom.cpp">
			<Option virtualFolder="Core/Ship/" />
		</Unit>
		<Unit filename="ShipZoom.h">
			<Option virtualFolder="Core/Ship/" />
		</Unit>
		<Unit filename="SigScan.cpp">
			<Option virtualFolder="ZHL/" />
		</Unit>
		<Unit filename="SigScan.h">
			<Option virtualFolder="ZHL/" />
		</Unit>
		<Unit filename="System_Extend.cpp">
			<Option virtualFolder="Core/Systems/" />
		</Unit>
		<Unit filename="System_Extend.h">
			<Option virtualFolder="Core/Systems/" />
		</Unit>
		<Unit filename="Systems.h">
			<Option virtualFolder="Core/Systems/" />
		</Unit>
		<Unit filename="Wormhole.cpp">
			<Option virtualFolder="Content/Map/" />
		</Unit>
		<Unit filename="detours.h">
			<Option virtualFolder="ZHL/" />
		</Unit>
		<Unit filename="freetype.cpp">
			<Option virtualFolder="Core/" />
		</Unit>
		<Unit filename="freetype.h">
			<Option virtualFolder="Core/" />
		</Unit>
		<Unit filename="hde.cpp">
			<Option virtualFolder="ZHL/" />
		</Unit>
		<Unit filename="hde.h">
			<Option virtualFolder="ZHL/" />
		</Unit>
		<Unit filename="libzhl.h">
			<Option virtualFolder="ZHL/" />
		</Unit>
		<Unit filename="main.cpp">
			<Option virtualFolder="Core/" />
		</Unit>
		<Unit filename="main.h">
			<Option virtualFolder="Core/" />
		</Unit>
		<Unit filename="zhl.cpp">
			<Option virtualFolder="ZHL/" />
		</Unit>
		<Unit filename="zhl.h">
			<Option virtualFolder="ZHL/" />
		</Unit>
		<Unit filename="zhl_internal.h">
			<Option virtualFolder="ZHL/" />
		</Unit>
		<Unit filename="zhl_private.h">
			<Option virtualFolder="ZHL/" />
		</Unit>
		<Extensions />
	</Project>
</CodeBlocks_project_file>
